lockfileVersion: '9.0'

settings:
  autoInstallPeers: true
  excludeLinksFromLockfile: false

catalogs:
  default:
    '@hono/node-server':
      specifier: 1.19.6
      version: 1.19.6
    '@hono/zod-validator':
      specifier: 0.7.5
      version: 0.7.5
    '@types/node':
      specifier: 24.10.1
      version: 24.10.1
    hono:
      specifier: 4.10.6
      version: 4.10.6
    oxfmt:
      specifier: ^0.14.0
      version: 0.14.0
    typescript:
      specifier: 5.9.3
      version: 5.9.3
    zod:
      specifier: 4.1.12
      version: 4.1.12

importers:

  .:
    dependencies:
      hono:
        specifier: 'catalog:'
        version: 4.10.6

  packages/firecracker-client:
    devDependencies:
      '@types/node':
        specifier: 'catalog:'
        version: 24.10.1
      openapi-typescript:
        specifier: ^5.4.2
        version: 5.4.2

  packages/firecracker-manager:
    dependencies:
      '@hono/node-server':
        specifier: ^1.19.6
        version: 1.19.6(hono@4.10.6)
      '@hono/zod-validator':
        specifier: ^0.7.5
        version: 0.7.5(hono@4.10.6)(zod@4.1.12)
      firecracker-client:
        specifier: workspace:^
        version: link:../firecracker-client
      undici:
        specifier: ^7.16.0
        version: 7.16.0
      zod:
        specifier: ^4.1.12
        version: 4.1.12
    devDependencies:
      '@types/node':
        specifier: 'catalog:'
        version: 24.10.1
      hono:
        specifier: 'catalog:'
        version: 4.10.6
      oxfmt:
        specifier: 'catalog:'
        version: 0.14.0
      typescript:
        specifier: 'catalog:'
        version: 5.9.3

  packages/os-command-injection:
    dependencies:
      '@hono/node-server':
        specifier: 'catalog:'
        version: 1.19.6(hono@4.10.6)
      '@hono/zod-validator':
        specifier: 'catalog:'
        version: 0.7.5(hono@4.10.6)(zod@4.1.12)
      firecracker-client:
        specifier: workspace:^
        version: link:../firecracker-client
      firecracker-manager:
        specifier: workspace:^
        version: link:../firecracker-manager
      p-retry:
        specifier: ^7.1.0
        version: 7.1.0
      runner-agents:
        specifier: workspace:^
        version: link:../runner-agents
      zod:
        specifier: 'catalog:'
        version: 4.1.12
    devDependencies:
      '@types/node':
        specifier: 'catalog:'
        version: 24.10.1
      typescript:
        specifier: 'catalog:'
        version: 5.9.3

  packages/runner-agents:
    dependencies:
      '@hono/node-server':
        specifier: 'catalog:'
        version: 1.19.6(hono@4.10.6)
      '@hono/zod-validator':
        specifier: 'catalog:'
        version: 0.7.5(hono@4.10.6)(zod@4.1.12)
      zod:
        specifier: 'catalog:'
        version: 4.1.12
    devDependencies:
      '@types/node':
        specifier: 'catalog:'
        version: 24.10.1
      hono:
        specifier: 'catalog:'
        version: 4.10.6
      rolldown:
        specifier: 1.0.0-beta.51
        version: 1.0.0-beta.51
      typescript:
        specifier: 'catalog:'
        version: 5.9.3

packages:

  '@emnapi/core@1.7.1':
    resolution: {integrity: sha512-o1uhUASyo921r2XtHYOHy7gdkGLge8ghBEQHMWmyJFoXlpU58kIrhhN3w26lpQb6dspetweapMn2CSNwQ8I4wg==}

  '@emnapi/runtime@1.7.1':
    resolution: {integrity: sha512-PVtJr5CmLwYAU9PZDMITZoR5iAOShYREoR45EyyLrbntV50mdePTgUn4AmOw90Ifcj+x2kRjdzr1HP3RrNiHGA==}

  '@emnapi/wasi-threads@1.1.0':
    resolution: {integrity: sha512-WI0DdZ8xFSbgMjR1sFsKABJ/C5OnRrjT06JXbZKexJGrDuPTzZdDYfFlsgcCXCyf+suG5QU2e/y1Wo2V/OapLQ==}

  '@fastify/busboy@2.1.1':
    resolution: {integrity: sha512-vBZP4NlzfOlerQTnba4aqZoMhE/a9HY7HRqoOPaETQcSQuWEIyZMHGfVu6w9wGtGK5fED5qRs2DteVCjOH60sA==}
    engines: {node: '>=14'}

  '@hono/node-server@1.19.6':
    resolution: {integrity: sha512-Shz/KjlIeAhfiuE93NDKVdZ7HdBVLQAfdbaXEaoAVO3ic9ibRSLGIQGkcBbFyuLr+7/1D5ZCINM8B+6IvXeMtw==}
    engines: {node: '>=18.14.1'}
    peerDependencies:
      hono: ^4

  '@hono/zod-validator@0.7.5':
    resolution: {integrity: sha512-n4l4hutkfYU07PzRUHBOVzUEn38VSfrh+UVE5d0w4lyfWDOEhzxIupqo5iakRiJL44c3vTuFJBvcmUl8b9agIA==}
    peerDependencies:
      hono: '>=3.9.0'
      zod: ^3.25.0 || ^4.0.0

  '@napi-rs/wasm-runtime@1.0.7':
    resolution: {integrity: sha512-SeDnOO0Tk7Okiq6DbXmmBODgOAb9dp9gjlphokTUxmt8U3liIP1ZsozBahH69j/RJv+Rfs6IwUKHTgQYJ/HBAw==}

  '@oxc-project/types@0.98.0':
    resolution: {integrity: sha512-Vzmd6FsqVuz5HQVcRC/hrx7Ujo3WEVeQP7C2UNP5uy1hUY4SQvMB+93jxkI1KRHz9a/6cni3glPOtvteN+zpsw==}

  '@oxfmt/darwin-arm64@0.14.0':
    resolution: {integrity: sha512-g8FANFTuzEcB2KLsE2IcQYXjdgDi8x9GUf8c4t7iyFD7oj0HGucKHhoMz3XsRWTx8szBZoJJD+t4bzs4+AMFdQ==}
    cpu: [arm64]
    os: [darwin]

  '@oxfmt/darwin-x64@0.14.0':
    resolution: {integrity: sha512-Hd/DI+a8PKhl33CmaR3eQdx2P4zpaeoUwjOJQd090cFEbEX9auoCo6+t4LLm/JlzgnRSnFq0EaZOWJVK3wDu8Q==}
    cpu: [x64]
    os: [darwin]

  '@oxfmt/linux-arm64-gnu@0.14.0':
    resolution: {integrity: sha512-JzMyMKuDY9UmxRRnHWFdzYIXYZ2SK2/RmJKhYS47lcRELQC64nzuFe0d5JkRnt7KIJoM7RdUmYqEr+UKdiZ5mg==}
    cpu: [arm64]
    os: [linux]
    libc: [glibc]

  '@oxfmt/linux-arm64-musl@0.14.0':
    resolution: {integrity: sha512-sPLA+jvL5kArpnUpxlt6v/EZCGvIhe8Z6hnNuGUa4gdYfzVf2XhAK1jO6hrrjFMT+2cnkbqmxa5iuZqCT6Y5xg==}
    cpu: [arm64]
    os: [linux]
    libc: [musl]

  '@oxfmt/linux-x64-gnu@0.14.0':
    resolution: {integrity: sha512-2hWVwIBa756NHs3+19om1mQp2C4vnGhFGe75AmsRRlkLq1vttC1iuQoF6slQQTS6n0/d7o4Pg1wGY3kldY6Msw==}
    cpu: [x64]
    os: [linux]
    libc: [glibc]

  '@oxfmt/linux-x64-musl@0.14.0':
    resolution: {integrity: sha512-bk98BFY2wArfWTVJ+T0zTCqF1deFfcyzrJ0/zppupQDFVdKUTga2XeKY8S1ImdyG+N7XcixdCrcT9db+SVNKMA==}
    cpu: [x64]
    os: [linux]
    libc: [musl]

  '@oxfmt/win32-arm64@0.14.0':
    resolution: {integrity: sha512-UxctetV+XOXGXYcJp8uwP+/cUq3GSTAxq6UBbeGUq+0j1je3zC4XCQ6Kh/dm6kxOnAzrmMkX1uG4Su4bwvMq8w==}
    cpu: [arm64]
    os: [win32]

  '@oxfmt/win32-x64@0.14.0':
    resolution: {integrity: sha512-P/Cw1aP0UIf42HDH6t3+5IY0xx8e4HxCfDHQz/PDbJ+Vc2JhAB6rzkVFAOEo9inQsXoZVdApF/xklp4NJtrkqQ==}
    cpu: [x64]
    os: [win32]

  '@rolldown/binding-android-arm64@1.0.0-beta.51':
    resolution: {integrity: sha512-Ctn8FUXKWWQI9pWC61P1yumS9WjQtelNS9riHwV7oCkknPGaAry4o7eFx2KgoLMnI2BgFJYpW7Im8/zX3BuONg==}
    engines: {node: ^20.19.0 || >=22.12.0}
    cpu: [arm64]
    os: [android]

  '@rolldown/binding-darwin-arm64@1.0.0-beta.51':
    resolution: {integrity: sha512-EL1aRW2Oq15ShUEkBPsDtLMO8GTqfb/ktM/dFaVzXKQiEE96Ss6nexMgfgQrg8dGnNpndFyffVDb5IdSibsu1g==}
    engines: {node: ^20.19.0 || >=22.12.0}
    cpu: [arm64]
    os: [darwin]

  '@rolldown/binding-darwin-x64@1.0.0-beta.51':
    resolution: {integrity: sha512-uGtYKlFen9pMIPvkHPWZVDtmYhMQi5g5Ddsndg1gf3atScKYKYgs5aDP4DhHeTwGXQglhfBG7lEaOIZ4UAIWww==}
    engines: {node: ^20.19.0 || >=22.12.0}
    cpu: [x64]
    os: [darwin]

  '@rolldown/binding-freebsd-x64@1.0.0-beta.51':
    resolution: {integrity: sha512-JRoVTQtHYbZj1P07JLiuTuXjiBtIa7ag7/qgKA6CIIXnAcdl4LrOf7nfDuHPJcuRKaP5dzecMgY99itvWfmUFQ==}
    engines: {node: ^20.19.0 || >=22.12.0}
    cpu: [x64]
    os: [freebsd]

  '@rolldown/binding-linux-arm-gnueabihf@1.0.0-beta.51':
    resolution: {integrity: sha512-BKATVnpPZ0TYBW9XfDwyd4kPGgvf964HiotIwUgpMrFOFYWqpZ+9ONNzMV4UFAYC7Hb5C2qgYQk/qj2OnAd4RQ==}
    engines: {node: ^20.19.0 || >=22.12.0}
    cpu: [arm]
    os: [linux]

  '@rolldown/binding-linux-arm64-gnu@1.0.0-beta.51':
    resolution: {integrity: sha512-xLd7da5jkfbVsBCm1buIRdWtuXY8+hU3+6ESXY/Tk5X5DPHaifrUblhYDgmA34dQt6WyNC2kfXGgrduPEvDI6Q==}
    engines: {node: ^20.19.0 || >=22.12.0}
    cpu: [arm64]
    os: [linux]
    libc: [glibc]

  '@rolldown/binding-linux-arm64-musl@1.0.0-beta.51':
    resolution: {integrity: sha512-EQFXTgHxxTzv3t5EmjUP/DfxzFYx9sMndfLsYaAY4DWF6KsK1fXGYsiupif6qPTViPC9eVmRm78q0pZU/kuIPg==}
    engines: {node: ^20.19.0 || >=22.12.0}
    cpu: [arm64]
    os: [linux]
    libc: [musl]

  '@rolldown/binding-linux-x64-gnu@1.0.0-beta.51':
    resolution: {integrity: sha512-p5P6Xpa68w3yFaAdSzIZJbj+AfuDnMDqNSeglBXM7UlJT14Q4zwK+rV+8Mhp9MiUb4XFISZtbI/seBprhkQbiQ==}
    engines: {node: ^20.19.0 || >=22.12.0}
    cpu: [x64]
    os: [linux]
    libc: [glibc]

  '@rolldown/binding-linux-x64-musl@1.0.0-beta.51':
    resolution: {integrity: sha512-sNVVyLa8HB8wkFipdfz1s6i0YWinwpbMWk5hO5S+XAYH2UH67YzUT13gs6wZTKg2x/3gtgXzYnHyF5wMIqoDAw==}
    engines: {node: ^20.19.0 || >=22.12.0}
    cpu: [x64]
    os: [linux]
    libc: [musl]

  '@rolldown/binding-openharmony-arm64@1.0.0-beta.51':
    resolution: {integrity: sha512-e/JMTz9Q8+T3g/deEi8DK44sFWZWGKr9AOCW5e8C8SCVWzAXqYXAG7FXBWBNzWEZK0Rcwo9TQHTQ9Q0gXgdCaA==}
    engines: {node: ^20.19.0 || >=22.12.0}
    cpu: [arm64]
    os: [openharmony]

  '@rolldown/binding-wasm32-wasi@1.0.0-beta.51':
    resolution: {integrity: sha512-We3LWqSu6J9s5Y0MK+N7fUiiu37aBGPG3Pc347EoaROuAwkCS2u9xJ5dpIyLW4B49CIbS3KaPmn4kTgPb3EyPw==}
    engines: {node: '>=14.0.0'}
    cpu: [wasm32]

  '@rolldown/binding-win32-arm64-msvc@1.0.0-beta.51':
    resolution: {integrity: sha512-fj56buHRuMM+r/cb6ZYfNjNvO/0xeFybI6cTkTROJatdP4fvmQ1NS8D/Lm10FCSDEOkqIz8hK3TGpbAThbPHsA==}
    engines: {node: ^20.19.0 || >=22.12.0}
    cpu: [arm64]
    os: [win32]

  '@rolldown/binding-win32-ia32-msvc@1.0.0-beta.51':
    resolution: {integrity: sha512-fkqEqaeEx8AySXiDm54b/RdINb3C0VovzJA3osMhZsbn6FoD73H0AOIiaVAtGr6x63hefruVKTX8irAm4Jkt2w==}
    engines: {node: ^20.19.0 || >=22.12.0}
    cpu: [ia32]
    os: [win32]

  '@rolldown/binding-win32-x64-msvc@1.0.0-beta.51':
    resolution: {integrity: sha512-CWuLG/HMtrVcjKGa0C4GnuxONrku89g0+CsH8nT0SNhOtREXuzwgjIXNJImpE/A/DMf9JF+1Xkrq/YRr+F/rCg==}
    engines: {node: ^20.19.0 || >=22.12.0}
    cpu: [x64]
    os: [win32]

  '@rolldown/pluginutils@1.0.0-beta.51':
    resolution: {integrity: sha512-51/8cNXMrqWqX3o8DZidhwz1uYq0BhHDDSfVygAND1Skx5s1TDw3APSSxCMcFFedwgqGcx34gRouwY+m404BBQ==}

  '@tybys/wasm-util@0.10.1':
    resolution: {integrity: sha512-9tTaPJLSiejZKx+Bmog4uSubteqTvFrVrURwkmHixBo0G4seD0zUxp98E1DzUBJxLQ3NPwXrGKDiVjwx/DpPsg==}

  '@types/node@24.10.1':
    resolution: {integrity: sha512-GNWcUTRBgIRJD5zj+Tq0fKOJ5XZajIiBroOF0yvj2bSU1WvNdYS/dn9UxwsujGW4JX06dnHyjV2y9rRaybH0iQ==}

  argparse@2.0.1:
    resolution: {integrity: sha512-8+9WqebbFzpX9OR+Wa6O29asIogeRMzcGtAINdpMHHyAg10f05aSFVBbcEqGf/PXw1EjAZ+q2/bEBg3DvurK3Q==}

  globalyzer@0.1.0:
    resolution: {integrity: sha512-40oNTM9UfG6aBmuKxk/giHn5nQ8RVz/SS4Ir6zgzOv9/qC3kKZ9v4etGTcJbEl/NyVQH7FGU7d+X1egr57Md2Q==}

  globrex@0.1.2:
    resolution: {integrity: sha512-uHJgbwAMwNFf5mLst7IWLNg14x1CkeqglJb/K3doi4dw6q2IvAAmM/Y81kevy83wP+Sst+nutFTYOGg3d1lsxg==}

  hono@4.10.6:
    resolution: {integrity: sha512-BIdolzGpDO9MQ4nu3AUuDwHZZ+KViNm+EZ75Ae55eMXMqLVhDFqEMXxtUe9Qh8hjL+pIna/frs2j6Y2yD5Ua/g==}
    engines: {node: '>=16.9.0'}

  is-network-error@1.3.0:
    resolution: {integrity: sha512-6oIwpsgRfnDiyEDLMay/GqCl3HoAtH5+RUKW29gYkL0QA+ipzpDLA16yQs7/RHCSu+BwgbJaOUqa4A99qNVQVw==}
    engines: {node: '>=16'}

  js-yaml@4.1.1:
    resolution: {integrity: sha512-qQKT4zQxXl8lLwBtHMWwaTcGfFOZviOJet3Oy/xmGk2gZH677CJM9EvtfdSkgWcATZhj/55JZ0rmy3myCT5lsA==}
    hasBin: true

  mime@3.0.0:
    resolution: {integrity: sha512-jSCU7/VB1loIWBZe14aEYHU/+1UMEHoaO7qxCOVJOw9GgH72VAWppxNcjU+x9a2k3GSIBXNKxXQFqRvvZ7vr3A==}
    engines: {node: '>=10.0.0'}
    hasBin: true

  openapi-typescript@5.4.2:
    resolution: {integrity: sha512-tHeRv39Yh7brqJpbUntdjtUaXrTHmC4saoyTLU/0J2I8LEFQYDXRLgnmWTMiMOB2GXugJiqHa5n9sAyd6BRqiA==}
    engines: {node: '>= 14.0.0'}
    hasBin: true

  oxfmt@0.14.0:
    resolution: {integrity: sha512-cZpXmiiEIHxEWq1bkqgCM/9vMv4TQ8RCSA9l+5PPEuCewL+2qNP/7vZynIrQnByvUnJc/G3YOj95XH+GXYLaKg==}
    engines: {node: ^20.19.0 || >=22.12.0}
    hasBin: true

  p-retry@7.1.0:
    resolution: {integrity: sha512-xL4PiFRQa/f9L9ZvR4/gUCRNus4N8YX80ku8kv9Jqz+ZokkiZLM0bcvX0gm1F3PDi9SPRsww1BDsTWgE6Y1GLQ==}
    engines: {node: '>=20'}

  prettier@2.8.8:
    resolution: {integrity: sha512-tdN8qQGvNjw4CHbY+XXk0JgCXn9QiF21a55rBe5LJAU+kDyC4WQn4+awm2Xfk2lQMk5fKup9XgzTZtGkjBdP9Q==}
    engines: {node: '>=10.13.0'}
    hasBin: true

  rolldown@1.0.0-beta.51:
    resolution: {integrity: sha512-ZRLgPlS91l4JztLYEZnmMcd3Umcla1hkXJgiEiR4HloRJBBoeaX8qogTu5Jfu36rRMVLndzqYv0h+M5gJAkUfg==}
    engines: {node: ^20.19.0 || >=22.12.0}
    hasBin: true

  tiny-glob@0.2.9:
    resolution: {integrity: sha512-g/55ssRPUjShh+xkfx9UPDXqhckHEsHr4Vd9zX55oSdGZc/MD0m3sferOkwWtp98bv+kcVfEHtRJgBVJzelrzg==}

  tslib@2.8.1:
    resolution: {integrity: sha512-oJFu94HQb+KVduSUQL7wnpmqnfmLsOA/nAh6b6EH0wCEoK0/mPeXU6c3wKDV83MkOuHPRHtSXKKU99IBazS/2w==}

  typescript@5.9.3:
    resolution: {integrity: sha512-jl1vZzPDinLr9eUt3J/t7V6FgNEw9QjvBPdysz9KfQDD41fQrC2Y4vKQdiaUpFT4bXlb1RHhLpp8wtm6M5TgSw==}
    engines: {node: '>=14.17'}
    hasBin: true

  undici-types@7.16.0:
    resolution: {integrity: sha512-Zz+aZWSj8LE6zoxD+xrjh4VfkIG8Ya6LvYkZqtUQGJPZjYl53ypCaUwWqo7eI0x66KBGeRo+mlBEkMSeSZ38Nw==}

  undici@5.29.0:
    resolution: {integrity: sha512-raqeBD6NQK4SkWhQzeYKd1KmIG6dllBOTt55Rmkt4HtI9mwdWtJljnrXjAFUBLTSN67HWrOIZ3EPF4kjUw80Bg==}
    engines: {node: '>=14.0'}

  undici@7.16.0:
    resolution: {integrity: sha512-QEg3HPMll0o3t2ourKwOeUAZ159Kn9mx5pnzHRQO8+Wixmh88YdZRiIwat0iNzNNXn0yoEtXJqFpyW7eM8BV7g==}
    engines: {node: '>=20.18.1'}

  yargs-parser@21.1.1:
    resolution: {integrity: sha512-tVpsJW7DdjecAiFpbIB1e3qxIQsE6NoPc5/eTdrbbIC4h0LVsWhnoa3g+m2HclBIujHzsxZ4VJVA+GUuc2/LBw==}
    engines: {node: '>=12'}

  zod@4.1.12:
    resolution: {integrity: sha512-JInaHOamG8pt5+Ey8kGmdcAcg3OL9reK8ltczgHTAwNhMys/6ThXHityHxVV2p3fkw/c+MAvBHFVYHFZDmjMCQ==}

snapshots:

  '@emnapi/core@1.7.1':
    dependencies:
      '@emnapi/wasi-threads': 1.1.0
      tslib: 2.8.1
    optional: true

  '@emnapi/runtime@1.7.1':
    dependencies:
      tslib: 2.8.1
    optional: true

  '@emnapi/wasi-threads@1.1.0':
    dependencies:
      tslib: 2.8.1
    optional: true

  '@fastify/busboy@2.1.1': {}

  '@hono/node-server@1.19.6(hono@4.10.6)':
    dependencies:
      hono: 4.10.6

  '@hono/zod-validator@0.7.5(hono@4.10.6)(zod@4.1.12)':
    dependencies:
      hono: 4.10.6
      zod: 4.1.12

  '@napi-rs/wasm-runtime@1.0.7':
    dependencies:
      '@emnapi/core': 1.7.1
      '@emnapi/runtime': 1.7.1
      '@tybys/wasm-util': 0.10.1
    optional: true

  '@oxc-project/types@0.98.0': {}

  '@oxfmt/darwin-arm64@0.14.0':
    optional: true

  '@oxfmt/darwin-x64@0.14.0':
    optional: true

  '@oxfmt/linux-arm64-gnu@0.14.0':
    optional: true

  '@oxfmt/linux-arm64-musl@0.14.0':
    optional: true

  '@oxfmt/linux-x64-gnu@0.14.0':
    optional: true

  '@oxfmt/linux-x64-musl@0.14.0':
    optional: true

  '@oxfmt/win32-arm64@0.14.0':
    optional: true

  '@oxfmt/win32-x64@0.14.0':
    optional: true

  '@rolldown/binding-android-arm64@1.0.0-beta.51':
    optional: true

  '@rolldown/binding-darwin-arm64@1.0.0-beta.51':
    optional: true

  '@rolldown/binding-darwin-x64@1.0.0-beta.51':
    optional: true

  '@rolldown/binding-freebsd-x64@1.0.0-beta.51':
    optional: true

  '@rolldown/binding-linux-arm-gnueabihf@1.0.0-beta.51':
    optional: true

  '@rolldown/binding-linux-arm64-gnu@1.0.0-beta.51':
    optional: true

  '@rolldown/binding-linux-arm64-musl@1.0.0-beta.51':
    optional: true

  '@rolldown/binding-linux-x64-gnu@1.0.0-beta.51':
    optional: true

  '@rolldown/binding-linux-x64-musl@1.0.0-beta.51':
    optional: true

  '@rolldown/binding-openharmony-arm64@1.0.0-beta.51':
    optional: true

  '@rolldown/binding-wasm32-wasi@1.0.0-beta.51':
    dependencies:
      '@napi-rs/wasm-runtime': 1.0.7
    optional: true

  '@rolldown/binding-win32-arm64-msvc@1.0.0-beta.51':
    optional: true

  '@rolldown/binding-win32-ia32-msvc@1.0.0-beta.51':
    optional: true

  '@rolldown/binding-win32-x64-msvc@1.0.0-beta.51':
    optional: true

  '@rolldown/pluginutils@1.0.0-beta.51': {}

  '@tybys/wasm-util@0.10.1':
    dependencies:
      tslib: 2.8.1
    optional: true

  '@types/node@24.10.1':
    dependencies:
      undici-types: 7.16.0

  argparse@2.0.1: {}

  globalyzer@0.1.0: {}

  globrex@0.1.2: {}

  hono@4.10.6: {}

  is-network-error@1.3.0: {}

  js-yaml@4.1.1:
    dependencies:
      argparse: 2.0.1

  mime@3.0.0: {}

  openapi-typescript@5.4.2:
    dependencies:
      js-yaml: 4.1.1
      mime: 3.0.0
      prettier: 2.8.8
      tiny-glob: 0.2.9
      undici: 5.29.0
      yargs-parser: 21.1.1

  oxfmt@0.14.0:
    optionalDependencies:
      '@oxfmt/darwin-arm64': 0.14.0
      '@oxfmt/darwin-x64': 0.14.0
      '@oxfmt/linux-arm64-gnu': 0.14.0
      '@oxfmt/linux-arm64-musl': 0.14.0
      '@oxfmt/linux-x64-gnu': 0.14.0
      '@oxfmt/linux-x64-musl': 0.14.0
      '@oxfmt/win32-arm64': 0.14.0
      '@oxfmt/win32-x64': 0.14.0

  p-retry@7.1.0:
    dependencies:
      is-network-error: 1.3.0

  prettier@2.8.8: {}

  rolldown@1.0.0-beta.51:
    dependencies:
      '@oxc-project/types': 0.98.0
      '@rolldown/pluginutils': 1.0.0-beta.51
    optionalDependencies:
      '@rolldown/binding-android-arm64': 1.0.0-beta.51
      '@rolldown/binding-darwin-arm64': 1.0.0-beta.51
      '@rolldown/binding-darwin-x64': 1.0.0-beta.51
      '@rolldown/binding-freebsd-x64': 1.0.0-beta.51
      '@rolldown/binding-linux-arm-gnueabihf': 1.0.0-beta.51
      '@rolldown/binding-linux-arm64-gnu': 1.0.0-beta.51
      '@rolldown/binding-linux-arm64-musl': 1.0.0-beta.51
      '@rolldown/binding-linux-x64-gnu': 1.0.0-beta.51
      '@rolldown/binding-linux-x64-musl': 1.0.0-beta.51
      '@rolldown/binding-openharmony-arm64': 1.0.0-beta.51
      '@rolldown/binding-wasm32-wasi': 1.0.0-beta.51
      '@rolldown/binding-win32-arm64-msvc': 1.0.0-beta.51
      '@rolldown/binding-win32-ia32-msvc': 1.0.0-beta.51
      '@rolldown/binding-win32-x64-msvc': 1.0.0-beta.51

  tiny-glob@0.2.9:
    dependencies:
      globalyzer: 0.1.0
      globrex: 0.1.2

  tslib@2.8.1:
    optional: true

  typescript@5.9.3: {}

  undici-types@7.16.0: {}

  undici@5.29.0:
    dependencies:
      '@fastify/busboy': 2.1.1

  undici@7.16.0: {}

  yargs-parser@21.1.1: {}

  zod@4.1.12: {}
