lockfileVersion: '9.0'

settings:
  autoInstallPeers: true
  excludeLinksFromLockfile: false

catalogs:
  default:
    '@types/node':
      specifier: ^24.10.1
      version: 24.10.1
    hono:
      specifier: ^4.10.6
      version: 4.10.6
    oxfmt:
      specifier: ^0.14.0
      version: 0.14.0
    typescript:
      specifier: ^5.9.3
      version: 5.9.3

importers:

  .: {}

  packages/agents:
    devDependencies:
      typescript:
        specifier: 'catalog:'
        version: 5.9.3

  packages/firecracker-manager:
    dependencies:
      '@hono/node-server':
        specifier: ^1.19.6
        version: 1.19.6(hono@4.10.6)
    devDependencies:
      '@types/node':
        specifier: 'catalog:'
        version: 24.10.1
      hono:
        specifier: 'catalog:'
        version: 4.10.6
      openapi-typescript:
        specifier: ^5.4.2
        version: 5.4.2
      oxfmt:
        specifier: 'catalog:'
        version: 0.14.0
      typescript:
        specifier: 'catalog:'
        version: 5.9.3

packages:

  '@fastify/busboy@2.1.1':
    resolution: {integrity: sha512-vBZP4NlzfOlerQTnba4aqZoMhE/a9HY7HRqoOPaETQcSQuWEIyZMHGfVu6w9wGtGK5fED5qRs2DteVCjOH60sA==}
    engines: {node: '>=14'}

  '@hono/node-server@1.19.6':
    resolution: {integrity: sha512-Shz/KjlIeAhfiuE93NDKVdZ7HdBVLQAfdbaXEaoAVO3ic9ibRSLGIQGkcBbFyuLr+7/1D5ZCINM8B+6IvXeMtw==}
    engines: {node: '>=18.14.1'}
    peerDependencies:
      hono: ^4

  '@oxfmt/darwin-arm64@0.14.0':
    resolution: {integrity: sha512-g8FANFTuzEcB2KLsE2IcQYXjdgDi8x9GUf8c4t7iyFD7oj0HGucKHhoMz3XsRWTx8szBZoJJD+t4bzs4+AMFdQ==}
    cpu: [arm64]
    os: [darwin]

  '@oxfmt/darwin-x64@0.14.0':
    resolution: {integrity: sha512-Hd/DI+a8PKhl33CmaR3eQdx2P4zpaeoUwjOJQd090cFEbEX9auoCo6+t4LLm/JlzgnRSnFq0EaZOWJVK3wDu8Q==}
    cpu: [x64]
    os: [darwin]

  '@oxfmt/linux-arm64-gnu@0.14.0':
    resolution: {integrity: sha512-JzMyMKuDY9UmxRRnHWFdzYIXYZ2SK2/RmJKhYS47lcRELQC64nzuFe0d5JkRnt7KIJoM7RdUmYqEr+UKdiZ5mg==}
    cpu: [arm64]
    os: [linux]
    libc: [glibc]

  '@oxfmt/linux-arm64-musl@0.14.0':
    resolution: {integrity: sha512-sPLA+jvL5kArpnUpxlt6v/EZCGvIhe8Z6hnNuGUa4gdYfzVf2XhAK1jO6hrrjFMT+2cnkbqmxa5iuZqCT6Y5xg==}
    cpu: [arm64]
    os: [linux]
    libc: [musl]

  '@oxfmt/linux-x64-gnu@0.14.0':
    resolution: {integrity: sha512-2hWVwIBa756NHs3+19om1mQp2C4vnGhFGe75AmsRRlkLq1vttC1iuQoF6slQQTS6n0/d7o4Pg1wGY3kldY6Msw==}
    cpu: [x64]
    os: [linux]
    libc: [glibc]

  '@oxfmt/linux-x64-musl@0.14.0':
    resolution: {integrity: sha512-bk98BFY2wArfWTVJ+T0zTCqF1deFfcyzrJ0/zppupQDFVdKUTga2XeKY8S1ImdyG+N7XcixdCrcT9db+SVNKMA==}
    cpu: [x64]
    os: [linux]
    libc: [musl]

  '@oxfmt/win32-arm64@0.14.0':
    resolution: {integrity: sha512-UxctetV+XOXGXYcJp8uwP+/cUq3GSTAxq6UBbeGUq+0j1je3zC4XCQ6Kh/dm6kxOnAzrmMkX1uG4Su4bwvMq8w==}
    cpu: [arm64]
    os: [win32]

  '@oxfmt/win32-x64@0.14.0':
    resolution: {integrity: sha512-P/Cw1aP0UIf42HDH6t3+5IY0xx8e4HxCfDHQz/PDbJ+Vc2JhAB6rzkVFAOEo9inQsXoZVdApF/xklp4NJtrkqQ==}
    cpu: [x64]
    os: [win32]

  '@types/node@24.10.1':
    resolution: {integrity: sha512-GNWcUTRBgIRJD5zj+Tq0fKOJ5XZajIiBroOF0yvj2bSU1WvNdYS/dn9UxwsujGW4JX06dnHyjV2y9rRaybH0iQ==}

  argparse@2.0.1:
    resolution: {integrity: sha512-8+9WqebbFzpX9OR+Wa6O29asIogeRMzcGtAINdpMHHyAg10f05aSFVBbcEqGf/PXw1EjAZ+q2/bEBg3DvurK3Q==}

  globalyzer@0.1.0:
    resolution: {integrity: sha512-40oNTM9UfG6aBmuKxk/giHn5nQ8RVz/SS4Ir6zgzOv9/qC3kKZ9v4etGTcJbEl/NyVQH7FGU7d+X1egr57Md2Q==}

  globrex@0.1.2:
    resolution: {integrity: sha512-uHJgbwAMwNFf5mLst7IWLNg14x1CkeqglJb/K3doi4dw6q2IvAAmM/Y81kevy83wP+Sst+nutFTYOGg3d1lsxg==}

  hono@4.10.6:
    resolution: {integrity: sha512-BIdolzGpDO9MQ4nu3AUuDwHZZ+KViNm+EZ75Ae55eMXMqLVhDFqEMXxtUe9Qh8hjL+pIna/frs2j6Y2yD5Ua/g==}
    engines: {node: '>=16.9.0'}

  js-yaml@4.1.1:
    resolution: {integrity: sha512-qQKT4zQxXl8lLwBtHMWwaTcGfFOZviOJet3Oy/xmGk2gZH677CJM9EvtfdSkgWcATZhj/55JZ0rmy3myCT5lsA==}
    hasBin: true

  mime@3.0.0:
    resolution: {integrity: sha512-jSCU7/VB1loIWBZe14aEYHU/+1UMEHoaO7qxCOVJOw9GgH72VAWppxNcjU+x9a2k3GSIBXNKxXQFqRvvZ7vr3A==}
    engines: {node: '>=10.0.0'}
    hasBin: true

  openapi-typescript@5.4.2:
    resolution: {integrity: sha512-tHeRv39Yh7brqJpbUntdjtUaXrTHmC4saoyTLU/0J2I8LEFQYDXRLgnmWTMiMOB2GXugJiqHa5n9sAyd6BRqiA==}
    engines: {node: '>= 14.0.0'}
    hasBin: true

  oxfmt@0.14.0:
    resolution: {integrity: sha512-cZpXmiiEIHxEWq1bkqgCM/9vMv4TQ8RCSA9l+5PPEuCewL+2qNP/7vZynIrQnByvUnJc/G3YOj95XH+GXYLaKg==}
    engines: {node: ^20.19.0 || >=22.12.0}
    hasBin: true

  prettier@2.8.8:
    resolution: {integrity: sha512-tdN8qQGvNjw4CHbY+XXk0JgCXn9QiF21a55rBe5LJAU+kDyC4WQn4+awm2Xfk2lQMk5fKup9XgzTZtGkjBdP9Q==}
    engines: {node: '>=10.13.0'}
    hasBin: true

  tiny-glob@0.2.9:
    resolution: {integrity: sha512-g/55ssRPUjShh+xkfx9UPDXqhckHEsHr4Vd9zX55oSdGZc/MD0m3sferOkwWtp98bv+kcVfEHtRJgBVJzelrzg==}

  typescript@5.9.3:
    resolution: {integrity: sha512-jl1vZzPDinLr9eUt3J/t7V6FgNEw9QjvBPdysz9KfQDD41fQrC2Y4vKQdiaUpFT4bXlb1RHhLpp8wtm6M5TgSw==}
    engines: {node: '>=14.17'}
    hasBin: true

  undici-types@7.16.0:
    resolution: {integrity: sha512-Zz+aZWSj8LE6zoxD+xrjh4VfkIG8Ya6LvYkZqtUQGJPZjYl53ypCaUwWqo7eI0x66KBGeRo+mlBEkMSeSZ38Nw==}

  undici@5.29.0:
    resolution: {integrity: sha512-raqeBD6NQK4SkWhQzeYKd1KmIG6dllBOTt55Rmkt4HtI9mwdWtJljnrXjAFUBLTSN67HWrOIZ3EPF4kjUw80Bg==}
    engines: {node: '>=14.0'}

  yargs-parser@21.1.1:
    resolution: {integrity: sha512-tVpsJW7DdjecAiFpbIB1e3qxIQsE6NoPc5/eTdrbbIC4h0LVsWhnoa3g+m2HclBIujHzsxZ4VJVA+GUuc2/LBw==}
    engines: {node: '>=12'}

snapshots:

  '@fastify/busboy@2.1.1': {}

  '@hono/node-server@1.19.6(hono@4.10.6)':
    dependencies:
      hono: 4.10.6

  '@oxfmt/darwin-arm64@0.14.0':
    optional: true

  '@oxfmt/darwin-x64@0.14.0':
    optional: true

  '@oxfmt/linux-arm64-gnu@0.14.0':
    optional: true

  '@oxfmt/linux-arm64-musl@0.14.0':
    optional: true

  '@oxfmt/linux-x64-gnu@0.14.0':
    optional: true

  '@oxfmt/linux-x64-musl@0.14.0':
    optional: true

  '@oxfmt/win32-arm64@0.14.0':
    optional: true

  '@oxfmt/win32-x64@0.14.0':
    optional: true

  '@types/node@24.10.1':
    dependencies:
      undici-types: 7.16.0

  argparse@2.0.1: {}

  globalyzer@0.1.0: {}

  globrex@0.1.2: {}

  hono@4.10.6: {}

  js-yaml@4.1.1:
    dependencies:
      argparse: 2.0.1

  mime@3.0.0: {}

  openapi-typescript@5.4.2:
    dependencies:
      js-yaml: 4.1.1
      mime: 3.0.0
      prettier: 2.8.8
      tiny-glob: 0.2.9
      undici: 5.29.0
      yargs-parser: 21.1.1

  oxfmt@0.14.0:
    optionalDependencies:
      '@oxfmt/darwin-arm64': 0.14.0
      '@oxfmt/darwin-x64': 0.14.0
      '@oxfmt/linux-arm64-gnu': 0.14.0
      '@oxfmt/linux-arm64-musl': 0.14.0
      '@oxfmt/linux-x64-gnu': 0.14.0
      '@oxfmt/linux-x64-musl': 0.14.0
      '@oxfmt/win32-arm64': 0.14.0
      '@oxfmt/win32-x64': 0.14.0

  prettier@2.8.8: {}

  tiny-glob@0.2.9:
    dependencies:
      globalyzer: 0.1.0
      globrex: 0.1.2

  typescript@5.9.3: {}

  undici-types@7.16.0: {}

  undici@5.29.0:
    dependencies:
      '@fastify/busboy': 2.1.1

  yargs-parser@21.1.1: {}
